
Microsoft Visual Studio Solution File, Format Version 12.00
# Visual Studio 15
VisualStudioVersion = 15.0.28307.421
MinimumVisualStudioVersion = 10.0.40219.1
Project("{8BC9CEB8-8B4A-11D0-8D11-00A0C91BC942}") = "VFR_system", "VFR_system\VFR_system.vcxproj", "{585B163E-E933-4ADB-8B1E-51AD977FC4AD}"
EndProject
Global
	GlobalSection(SolutionConfigurationPlatforms) = preSolution
		Debug|Win32 = Debug|Win32
		Debug|x64 = Debug|x64
		Debug|x86 = Debug|x86
		Release|Win32 = Release|Win32
		Release|x64 = Release|x64
		Release|x86 = Release|x86
	EndGlobalSection
	GlobalSection(ProjectConfigurationPlatforms) = postSolution
		{585B163E-E933-4ADB-8B1E-51AD977FC4AD}.Debug|Win32.ActiveCfg = Debug|Win32
		{585B163E-E933-4ADB-8B1E-51AD977FC4AD}.Debug|Win32.Build.0 = Debug|Win32
		{585B163E-E933-4ADB-8B1E-51AD977FC4AD}.Debug|x64.ActiveCfg = Debug|x64
		{585B163E-E933-4ADB-8B1E-51AD977FC4AD}.Debug|x64.Build.0 = Debug|x64
		{585B163E-E933-4ADB-8B1E-51AD977FC4AD}.Debug|x86.ActiveCfg = Debug|Win32
		{585B163E-E933-4ADB-8B1E-51AD977FC4AD}.Debug|x86.Build.0 = Debug|Win32
		{585B163E-E933-4ADB-8B1E-51AD977FC4AD}.Release|Win32.ActiveCfg = Release|Win32
		{585B163E-E933-4ADB-8B1E-51AD977FC4AD}.Release|Win32.Build.0 = Release|Win32
		{585B163E-E933-4ADB-8B1E-51AD977FC4AD}.Release|x64.ActiveCfg = Release|x64
		{585B163E-E933-4ADB-8B1E-51AD977FC4AD}.Release|x64.Build.0 = Release|x64
		{585B163E-E933-4ADB-8B1E-51AD977FC4AD}.Release|x86.ActiveCfg = Release|Win32
		{585B163E-E933-4ADB-8B1E-51AD977FC4AD}.Release|x86.Build.0 = Release|Win32
	EndGlobalSection
	GlobalSection(SolutionProperties) = preSolution
		HideSolutionNode = FALSE
	EndGlobalSection
	GlobalSection(ExtensibilityGlobals) = postSolution
		SolutionGuid = {B43C029D-F5FD-477C-B629-49FCF791D415}
	EndGlobalSection
EndGlobal
